
Microsoft Visual Studio Solution File, Format Version 12.00
# Visual Studio 15
VisualStudioVersion = 15.0.28307.1145
MinimumVisualStudioVersion = 10.0.40219.1
Project("{FAE04EC0-301F-11D3-BF4B-00C04F79EFBC}") = "TravelAgency", "TravelAgency\TravelAgency.csproj", "{4BF83CB1-59E1-4ED4-AF79-1CE76D72ABE0}"
EndProject
Project("{FAE04EC0-301F-11D3-BF4B-00C04F79EFBC}") = "Model", "Model\Model.csproj", "{C410CF41-9291-4438-B9BB-E0F24CF72B36}"
EndProject
Project("{FAE04EC0-301F-11D3-BF4B-00C04F79EFBC}") = "CommonModel", "CommonModel\CommonModel.csproj", "{7656108E-24EB-48F0-A824-E03EF1E6A587}"
EndProject
Global
	GlobalSection(SolutionConfigurationPlatforms) = preSolution
		Debug|Any CPU = Debug|Any CPU
		Release|Any CPU = Release|Any CPU
	EndGlobalSection
	GlobalSection(ProjectConfigurationPlatforms) = postSolution
		{4BF83CB1-59E1-4ED4-AF79-1CE76D72ABE0}.Debug|Any CPU.ActiveCfg = Debug|Any CPU
		{4BF83CB1-59E1-4ED4-AF79-1CE76D72ABE0}.Debug|Any CPU.Build.0 = Debug|Any CPU
		{4BF83CB1-59E1-4ED4-AF79-1CE76D72ABE0}.Release|Any CPU.ActiveCfg = Release|Any CPU
		{4BF83CB1-59E1-4ED4-AF79-1CE76D72ABE0}.Release|Any CPU.Build.0 = Release|Any CPU
		{C410CF41-9291-4438-B9BB-E0F24CF72B36}.Debug|Any CPU.ActiveCfg = Debug|Any CPU
		{C410CF41-9291-4438-B9BB-E0F24CF72B36}.Debug|Any CPU.Build.0 = Debug|Any CPU
		{C410CF41-9291-4438-B9BB-E0F24CF72B36}.Release|Any CPU.ActiveCfg = Release|Any CPU
		{C410CF41-9291-4438-B9BB-E0F24CF72B36}.Release|Any CPU.Build.0 = Release|Any CPU
		{7656108E-24EB-48F0-A824-E03EF1E6A587}.Debug|Any CPU.ActiveCfg = Debug|Any CPU
		{7656108E-24EB-48F0-A824-E03EF1E6A587}.Debug|Any CPU.Build.0 = Debug|Any CPU
		{7656108E-24EB-48F0-A824-E03EF1E6A587}.Release|Any CPU.ActiveCfg = Release|Any CPU
		{7656108E-24EB-48F0-A824-E03EF1E6A587}.Release|Any CPU.Build.0 = Release|Any CPU
	EndGlobalSection
	GlobalSection(SolutionProperties) = preSolution
		HideSolutionNode = FALSE
	EndGlobalSection
	GlobalSection(ExtensibilityGlobals) = postSolution
		SolutionGuid = {DCE70031-AC54-4EB9-BB2E-212E833CD605}
	EndGlobalSection
EndGlobal
